// !$*UTF8*$!
{
	archiveVersion = 1;
	classes = {
	};
	objectVersion = 50;
	objects = {

/* Begin PBXBuildFile section */
		08B060975C2610E9A7034869 /* Pods_Calendar_Alice_Calendar_AliceUITests.framework in Frameworks */ = {isa = PBXBuildFile; fileRef = 7ABC3E07AB9E8178A8C318AA /* Pods_Calendar_Alice_Calendar_AliceUITests.framework */; };
		1FC45A6D65BA569E501F2622 /* Pods_Calendar_AliceTests.framework in Frameworks */ = {isa = PBXBuildFile; fileRef = 1952E3A4023CF3400BD01F84 /* Pods_Calendar_AliceTests.framework */; };
		6572EB7423C81690003BD2EF /* WeekCollectionViewCell.swift in Sources */ = {isa = PBXBuildFile; fileRef = 6572EB7323C81690003BD2EF /* WeekCollectionViewCell.swift */; };
		6572EB7623C839F8003BD2EF /* YearViewController.swift in Sources */ = {isa = PBXBuildFile; fileRef = 6572EB7523C839F8003BD2EF /* YearViewController.swift */; };
		6572EB7823C83A35003BD2EF /* DayViewController.swift in Sources */ = {isa = PBXBuildFile; fileRef = 6572EB7723C83A35003BD2EF /* DayViewController.swift */; };
		6572EB7B23C84A12003BD2EF /* DateComponents.swift in Sources */ = {isa = PBXBuildFile; fileRef = 6572EB7A23C84A12003BD2EF /* DateComponents.swift */; };
		6583FA0F23AA04EF00953F6E /* AppDelegate.swift in Sources */ = {isa = PBXBuildFile; fileRef = 6583FA0E23AA04EF00953F6E /* AppDelegate.swift */; };
		6583FA1123AA04EF00953F6E /* SceneDelegate.swift in Sources */ = {isa = PBXBuildFile; fileRef = 6583FA1023AA04EF00953F6E /* SceneDelegate.swift */; };
		6583FA1323AA04EF00953F6E /* WeekViewController.swift in Sources */ = {isa = PBXBuildFile; fileRef = 6583FA1223AA04EF00953F6E /* WeekViewController.swift */; };
		6583FA1823AA04F000953F6E /* Assets.xcassets in Resources */ = {isa = PBXBuildFile; fileRef = 6583FA1723AA04F000953F6E /* Assets.xcassets */; };
		6583FA1B23AA04F000953F6E /* LaunchScreen.storyboard in Resources */ = {isa = PBXBuildFile; fileRef = 6583FA1923AA04F000953F6E /* LaunchScreen.storyboard */; };
		6583FA2623AA04F000953F6E /* Calendar_AliceTests.swift in Sources */ = {isa = PBXBuildFile; fileRef = 6583FA2523AA04F000953F6E /* Calendar_AliceTests.swift */; };
		6583FA3123AA04F100953F6E /* Calendar_AliceUITests.swift in Sources */ = {isa = PBXBuildFile; fileRef = 6583FA3023AA04F100953F6E /* Calendar_AliceUITests.swift */; };
		65C7754723DFE6B900014A1F /* HolidayColor.swift in Sources */ = {isa = PBXBuildFile; fileRef = 65C7754623DFE6B900014A1F /* HolidayColor.swift */; };
		65FEEEAB23AA06900092D264 /* Main.storyboard in Resources */ = {isa = PBXBuildFile; fileRef = 65FEEEAA23AA06900092D264 /* Main.storyboard */; };
		927E92DB7444F001F369FEFC /* Pods_Calendar_Alice.framework in Frameworks */ = {isa = PBXBuildFile; fileRef = 4AB74822A92EB0D88AD92173 /* Pods_Calendar_Alice.framework */; };
/* End PBXBuildFile section */

/* Begin PBXContainerItemProxy section */
		6583FA2223AA04F000953F6E /* PBXContainerItemProxy */ = {
			isa = PBXContainerItemProxy;
			containerPortal = 6583FA0323AA04EF00953F6E /* Project object */;
			proxyType = 1;
			remoteGlobalIDString = 6583FA0A23AA04EF00953F6E;
			remoteInfo = Calender_Alice;
		};
		6583FA2D23AA04F100953F6E /* PBXContainerItemProxy */ = {
			isa = PBXContainerItemProxy;
			containerPortal = 6583FA0323AA04EF00953F6E /* Project object */;
			proxyType = 1;
			remoteGlobalIDString = 6583FA0A23AA04EF00953F6E;
			remoteInfo = Calender_Alice;
		};
/* End PBXContainerItemProxy section */

/* Begin PBXFileReference section */
		1952E3A4023CF3400BD01F84 /* Pods_Calendar_AliceTests.framework */ = {isa = PBXFileReference; explicitFileType = wrapper.framework; includeInIndex = 0; path = Pods_Calendar_AliceTests.framework; sourceTree = BUILT_PRODUCTS_DIR; };
		4AB74822A92EB0D88AD92173 /* Pods_Calendar_Alice.framework */ = {isa = PBXFileReference; explicitFileType = wrapper.framework; includeInIndex = 0; path = Pods_Calendar_Alice.framework; sourceTree = BUILT_PRODUCTS_DIR; };
		5E948AF5B4A3333DD2FC2B8E /* Pods-Calendar_Alice-Calendar_AliceUITests.release.xcconfig */ = {isa = PBXFileReference; includeInIndex = 1; lastKnownFileType = text.xcconfig; name = "Pods-Calendar_Alice-Calendar_AliceUITests.release.xcconfig"; path = "Target Support Files/Pods-Calendar_Alice-Calendar_AliceUITests/Pods-Calendar_Alice-Calendar_AliceUITests.release.xcconfig"; sourceTree = "<group>"; };
		6209C9E5889DD3FCA7881445 /* Pods-Calendar_Alice.release.xcconfig */ = {isa = PBXFileReference; includeInIndex = 1; lastKnownFileType = text.xcconfig; name = "Pods-Calendar_Alice.release.xcconfig"; path = "Target Support Files/Pods-Calendar_Alice/Pods-Calendar_Alice.release.xcconfig"; sourceTree = "<group>"; };
		62C3370C75B6ED34AFF54D37 /* Pods-Calendar_Alice.debug.xcconfig */ = {isa = PBXFileReference; includeInIndex = 1; lastKnownFileType = text.xcconfig; name = "Pods-Calendar_Alice.debug.xcconfig"; path = "Target Support Files/Pods-Calendar_Alice/Pods-Calendar_Alice.debug.xcconfig"; sourceTree = "<group>"; };
		6572EB7323C81690003BD2EF /* WeekCollectionViewCell.swift */ = {isa = PBXFileReference; lastKnownFileType = sourcecode.swift; path = WeekCollectionViewCell.swift; sourceTree = "<group>"; };
		6572EB7523C839F8003BD2EF /* YearViewController.swift */ = {isa = PBXFileReference; lastKnownFileType = sourcecode.swift; path = YearViewController.swift; sourceTree = "<group>"; };
		6572EB7723C83A35003BD2EF /* DayViewController.swift */ = {isa = PBXFileReference; lastKnownFileType = sourcecode.swift; path = DayViewController.swift; sourceTree = "<group>"; };
		6572EB7A23C84A12003BD2EF /* DateComponents.swift */ = {isa = PBXFileReference; lastKnownFileType = sourcecode.swift; path = DateComponents.swift; sourceTree = "<group>"; };
		6583FA0B23AA04EF00953F6E /* Calendar_Alice.app */ = {isa = PBXFileReference; explicitFileType = wrapper.application; includeInIndex = 0; path = Calendar_Alice.app; sourceTree = BUILT_PRODUCTS_DIR; };
		6583FA0E23AA04EF00953F6E /* AppDelegate.swift */ = {isa = PBXFileReference; lastKnownFileType = sourcecode.swift; path = AppDelegate.swift; sourceTree = "<group>"; };
		6583FA1023AA04EF00953F6E /* SceneDelegate.swift */ = {isa = PBXFileReference; lastKnownFileType = sourcecode.swift; path = SceneDelegate.swift; sourceTree = "<group>"; };
		6583FA1223AA04EF00953F6E /* WeekViewController.swift */ = {isa = PBXFileReference; lastKnownFileType = sourcecode.swift; path = WeekViewController.swift; sourceTree = "<group>"; };
		6583FA1723AA04F000953F6E /* Assets.xcassets */ = {isa = PBXFileReference; lastKnownFileType = folder.assetcatalog; path = Assets.xcassets; sourceTree = "<group>"; };
		6583FA1A23AA04F000953F6E /* Base */ = {isa = PBXFileReference; lastKnownFileType = file.storyboard; name = Base; path = Base.lproj/LaunchScreen.storyboard; sourceTree = "<group>"; };
		6583FA1C23AA04F000953F6E /* Info.plist */ = {isa = PBXFileReference; lastKnownFileType = text.plist.xml; path = Info.plist; sourceTree = "<group>"; };
		6583FA2123AA04F000953F6E /* Calendar_AliceTests.xctest */ = {isa = PBXFileReference; explicitFileType = wrapper.cfbundle; includeInIndex = 0; path = Calendar_AliceTests.xctest; sourceTree = BUILT_PRODUCTS_DIR; };
		6583FA2523AA04F000953F6E /* Calendar_AliceTests.swift */ = {isa = PBXFileReference; lastKnownFileType = sourcecode.swift; path = Calendar_AliceTests.swift; sourceTree = "<group>"; };
		6583FA2723AA04F000953F6E /* Info.plist */ = {isa = PBXFileReference; lastKnownFileType = text.plist.xml; path = Info.plist; sourceTree = "<group>"; };
		6583FA2C23AA04F100953F6E /* Calendar_AliceUITests.xctest */ = {isa = PBXFileReference; explicitFileType = wrapper.cfbundle; includeInIndex = 0; path = Calendar_AliceUITests.xctest; sourceTree = BUILT_PRODUCTS_DIR; };
		6583FA3023AA04F100953F6E /* Calendar_AliceUITests.swift */ = {isa = PBXFileReference; lastKnownFileType = sourcecode.swift; path = Calendar_AliceUITests.swift; sourceTree = "<group>"; };
		6583FA3223AA04F100953F6E /* Info.plist */ = {isa = PBXFileReference; lastKnownFileType = text.plist.xml; path = Info.plist; sourceTree = "<group>"; };
		65C7754623DFE6B900014A1F /* HolidayColor.swift */ = {isa = PBXFileReference; lastKnownFileType = sourcecode.swift; name = HolidayColor.swift; path = Calendar_Alice/HolidayColor.swift; sourceTree = SOURCE_ROOT; };
		65FEEEAA23AA06900092D264 /* Main.storyboard */ = {isa = PBXFileReference; fileEncoding = 4; lastKnownFileType = file.storyboard; path = Main.storyboard; sourceTree = "<group>"; };
		7870A85AD6EE970DAB172A94 /* Pods-Calendar_Alice-Calendar_AliceUITests.debug.xcconfig */ = {isa = PBXFileReference; includeInIndex = 1; lastKnownFileType = text.xcconfig; name = "Pods-Calendar_Alice-Calendar_AliceUITests.debug.xcconfig"; path = "Target Support Files/Pods-Calendar_Alice-Calendar_AliceUITests/Pods-Calendar_Alice-Calendar_AliceUITests.debug.xcconfig"; sourceTree = "<group>"; };
		7ABC3E07AB9E8178A8C318AA /* Pods_Calendar_Alice_Calendar_AliceUITests.framework */ = {isa = PBXFileReference; explicitFileType = wrapper.framework; includeInIndex = 0; path = Pods_Calendar_Alice_Calendar_AliceUITests.framework; sourceTree = BUILT_PRODUCTS_DIR; };
		8D70DF92E20410147856D10E /* Pods-Calendar_AliceTests.debug.xcconfig */ = {isa = PBXFileReference; includeInIndex = 1; lastKnownFileType = text.xcconfig; name = "Pods-Calendar_AliceTests.debug.xcconfig"; path = "Target Support Files/Pods-Calendar_AliceTests/Pods-Calendar_AliceTests.debug.xcconfig"; sourceTree = "<group>"; };
		E15B59364524970C1FA3134D /* Pods-Calendar_AliceTests.release.xcconfig */ = {isa = PBXFileReference; includeInIndex = 1; lastKnownFileType = text.xcconfig; name = "Pods-Calendar_AliceTests.release.xcconfig"; path = "Target Support Files/Pods-Calendar_AliceTests/Pods-Calendar_AliceTests.release.xcconfig"; sourceTree = "<group>"; };
/* End PBXFileReference section */

/* Begin PBXFrameworksBuildPhase section */
		6583FA0823AA04EF00953F6E /* Frameworks */ = {
			isa = PBXFrameworksBuildPhase;
			buildActionMask = 2147483647;
			files = (
				927E92DB7444F001F369FEFC /* Pods_Calendar_Alice.framework in Frameworks */,
			);
			runOnlyForDeploymentPostprocessing = 0;
		};
		6583FA1E23AA04F000953F6E /* Frameworks */ = {
			isa = PBXFrameworksBuildPhase;
			buildActionMask = 2147483647;
			files = (
				1FC45A6D65BA569E501F2622 /* Pods_Calendar_AliceTests.framework in Frameworks */,
			);
			runOnlyForDeploymentPostprocessing = 0;
		};
		6583FA2923AA04F100953F6E /* Frameworks */ = {
			isa = PBXFrameworksBuildPhase;
			buildActionMask = 2147483647;
			files = (
				08B060975C2610E9A7034869 /* Pods_Calendar_Alice_Calendar_AliceUITests.framework in Frameworks */,
			);
			runOnlyForDeploymentPostprocessing = 0;
		};
/* End PBXFrameworksBuildPhase section */

/* Begin PBXGroup section */
		0D27506D6E9D298A30A190D1 /* Frameworks */ = {
			isa = PBXGroup;
			children = (
				4AB74822A92EB0D88AD92173 /* Pods_Calendar_Alice.framework */,
				7ABC3E07AB9E8178A8C318AA /* Pods_Calendar_Alice_Calendar_AliceUITests.framework */,
				1952E3A4023CF3400BD01F84 /* Pods_Calendar_AliceTests.framework */,
			);
			name = Frameworks;
			sourceTree = "<group>";
		};
		6572EB7923C84959003BD2EF /* Utility */ = {
			isa = PBXGroup;
			children = (
				6572EB7A23C84A12003BD2EF /* DateComponents.swift */,
			);
			path = Utility;
			sourceTree = "<group>";
		};
		6572EB7C23C84A33003BD2EF /* BasicScreen */ = {
			isa = PBXGroup;
			children = (
				6583FA0E23AA04EF00953F6E /* AppDelegate.swift */,
				6583FA1023AA04EF00953F6E /* SceneDelegate.swift */,
				6572EB7323C81690003BD2EF /* WeekCollectionViewCell.swift */,
				6572EB7523C839F8003BD2EF /* YearViewController.swift */,
				6572EB7723C83A35003BD2EF /* DayViewController.swift */,
				6583FA1223AA04EF00953F6E /* WeekViewController.swift */,
				65C7754623DFE6B900014A1F /* HolidayColor.swift */,
				65FEEEAA23AA06900092D264 /* Main.storyboard */,
			);
			path = BasicScreen;
			sourceTree = "<group>";
		};
		6583FA0223AA04EF00953F6E = {
			isa = PBXGroup;
			children = (
				6583FA0D23AA04EF00953F6E /* Calendar_Alice */,
				6583FA2423AA04F000953F6E /* Calendar_AliceTests */,
				6583FA2F23AA04F100953F6E /* Calendar_AliceUITests */,
				6583FA0C23AA04EF00953F6E /* Products */,
				67E644BBDC7FF1E74F36CF5B /* Pods */,
				0D27506D6E9D298A30A190D1 /* Frameworks */,
			);
			sourceTree = "<group>";
		};
		6583FA0C23AA04EF00953F6E /* Products */ = {
			isa = PBXGroup;
			children = (
				6583FA0B23AA04EF00953F6E /* Calendar_Alice.app */,
				6583FA2123AA04F000953F6E /* Calendar_AliceTests.xctest */,
				6583FA2C23AA04F100953F6E /* Calendar_AliceUITests.xctest */,
			);
			name = Products;
			sourceTree = "<group>";
		};
		6583FA0D23AA04EF00953F6E /* Calendar_Alice */ = {
			isa = PBXGroup;
			children = (
				6572EB7C23C84A33003BD2EF /* BasicScreen */,
				6572EB7923C84959003BD2EF /* Utility */,
				6583FA1723AA04F000953F6E /* Assets.xcassets */,
				6583FA1923AA04F000953F6E /* LaunchScreen.storyboard */,
				6583FA1C23AA04F000953F6E /* Info.plist */,
			);
			path = Calendar_Alice;
			sourceTree = "<group>";
		};
		6583FA2423AA04F000953F6E /* Calendar_AliceTests */ = {
			isa = PBXGroup;
			children = (
				6583FA2523AA04F000953F6E /* Calendar_AliceTests.swift */,
				6583FA2723AA04F000953F6E /* Info.plist */,
			);
			path = Calendar_AliceTests;
			sourceTree = "<group>";
		};
		6583FA2F23AA04F100953F6E /* Calendar_AliceUITests */ = {
			isa = PBXGroup;
			children = (
				6583FA3023AA04F100953F6E /* Calendar_AliceUITests.swift */,
				6583FA3223AA04F100953F6E /* Info.plist */,
			);
			path = Calendar_AliceUITests;
			sourceTree = "<group>";
		};
		67E644BBDC7FF1E74F36CF5B /* Pods */ = {
			isa = PBXGroup;
			children = (
				62C3370C75B6ED34AFF54D37 /* Pods-Calendar_Alice.debug.xcconfig */,
				6209C9E5889DD3FCA7881445 /* Pods-Calendar_Alice.release.xcconfig */,
				7870A85AD6EE970DAB172A94 /* Pods-Calendar_Alice-Calendar_AliceUITests.debug.xcconfig */,
				5E948AF5B4A3333DD2FC2B8E /* Pods-Calendar_Alice-Calendar_AliceUITests.release.xcconfig */,
				8D70DF92E20410147856D10E /* Pods-Calendar_AliceTests.debug.xcconfig */,
				E15B59364524970C1FA3134D /* Pods-Calendar_AliceTests.release.xcconfig */,
			);
			path = Pods;
			sourceTree = "<group>";
		};
/* End PBXGroup section */

/* Begin PBXNativeTarget section */
		6583FA0A23AA04EF00953F6E /* Calendar_Alice */ = {
			isa = PBXNativeTarget;
			buildConfigurationList = 6583FA3523AA04F100953F6E /* Build configuration list for PBXNativeTarget "Calendar_Alice" */;
			buildPhases = (
				399A2DC7D36F687AF0FE2684 /* [CP] Check Pods Manifest.lock */,
				6583FA0723AA04EF00953F6E /* Sources */,
				6583FA0823AA04EF00953F6E /* Frameworks */,
				6583FA0923AA04EF00953F6E /* Resources */,
			);
			buildRules = (
			);
			dependencies = (
			);
			name = Calendar_Alice;
			productName = Calender_Alice;
			productReference = 6583FA0B23AA04EF00953F6E /* Calendar_Alice.app */;
			productType = "com.apple.product-type.application";
		};
		6583FA2023AA04F000953F6E /* Calendar_AliceTests */ = {
			isa = PBXNativeTarget;
			buildConfigurationList = 6583FA3823AA04F100953F6E /* Build configuration list for PBXNativeTarget "Calendar_AliceTests" */;
			buildPhases = (
				EBAC240655B79239A0055166 /* [CP] Check Pods Manifest.lock */,
				6583FA1D23AA04F000953F6E /* Sources */,
				6583FA1E23AA04F000953F6E /* Frameworks */,
				6583FA1F23AA04F000953F6E /* Resources */,
			);
			buildRules = (
			);
			dependencies = (
				6583FA2323AA04F000953F6E /* PBXTargetDependency */,
			);
			name = Calendar_AliceTests;
			productName = Calender_AliceTests;
			productReference = 6583FA2123AA04F000953F6E /* Calendar_AliceTests.xctest */;
			productType = "com.apple.product-type.bundle.unit-test";
		};
		6583FA2B23AA04F100953F6E /* Calendar_AliceUITests */ = {
			isa = PBXNativeTarget;
			buildConfigurationList = 6583FA3B23AA04F100953F6E /* Build configuration list for PBXNativeTarget "Calendar_AliceUITests" */;
			buildPhases = (
				5EA2FDA83C409C7CB727A37B /* [CP] Check Pods Manifest.lock */,
				6583FA2823AA04F100953F6E /* Sources */,
				6583FA2923AA04F100953F6E /* Frameworks */,
				6583FA2A23AA04F100953F6E /* Resources */,
			);
			buildRules = (
			);
			dependencies = (
				6583FA2E23AA04F100953F6E /* PBXTargetDependency */,
			);
			name = Calendar_AliceUITests;
			productName = Calender_AliceUITests;
			productReference = 6583FA2C23AA04F100953F6E /* Calendar_AliceUITests.xctest */;
			productType = "com.apple.product-type.bundle.ui-testing";
		};
/* End PBXNativeTarget section */

/* Begin PBXProject section */
		6583FA0323AA04EF00953F6E /* Project object */ = {
			isa = PBXProject;
			attributes = {
				LastSwiftUpdateCheck = 1130;
				LastUpgradeCheck = 1130;
				ORGANIZATIONNAME = "斉藤 アリス";
				TargetAttributes = {
					6583FA0A23AA04EF00953F6E = {
						CreatedOnToolsVersion = 11.3;
					};
					6583FA2023AA04F000953F6E = {
						CreatedOnToolsVersion = 11.3;
						TestTargetID = 6583FA0A23AA04EF00953F6E;
					};
					6583FA2B23AA04F100953F6E = {
						CreatedOnToolsVersion = 11.3;
						TestTargetID = 6583FA0A23AA04EF00953F6E;
					};
				};
			};
			buildConfigurationList = 6583FA0623AA04EF00953F6E /* Build configuration list for PBXProject "Calendar_Alice" */;
			compatibilityVersion = "Xcode 9.3";
			developmentRegion = en;
			hasScannedForEncodings = 0;
			knownRegions = (
				en,
				Base,
			);
			mainGroup = 6583FA0223AA04EF00953F6E;
			productRefGroup = 6583FA0C23AA04EF00953F6E /* Products */;
			projectDirPath = "";
			projectRoot = "";
			targets = (
				6583FA0A23AA04EF00953F6E /* Calendar_Alice */,
				6583FA2023AA04F000953F6E /* Calendar_AliceTests */,
				6583FA2B23AA04F100953F6E /* Calendar_AliceUITests */,
			);
		};
/* End PBXProject section */

/* Begin PBXResourcesBuildPhase section */
		6583FA0923AA04EF00953F6E /* Resources */ = {
			isa = PBXResourcesBuildPhase;
			buildActionMask = 2147483647;
			files = (
				6583FA1B23AA04F000953F6E /* LaunchScreen.storyboard in Resources */,
				6583FA1823AA04F000953F6E /* Assets.xcassets in Resources */,
				65FEEEAB23AA06900092D264 /* Main.storyboard in Resources */,
			);
			runOnlyForDeploymentPostprocessing = 0;
		};
		6583FA1F23AA04F000953F6E /* Resources */ = {
			isa = PBXResourcesBuildPhase;
			buildActionMask = 2147483647;
			files = (
			);
			runOnlyForDeploymentPostprocessing = 0;
		};
		6583FA2A23AA04F100953F6E /* Resources */ = {
			isa = PBXResourcesBuildPhase;
			buildActionMask = 2147483647;
			files = (
			);
			runOnlyForDeploymentPostprocessing = 0;
		};
/* End PBXResourcesBuildPhase section */

/* Begin PBXShellScriptBuildPhase section */
		399A2DC7D36F687AF0FE2684 /* [CP] Check Pods Manifest.lock */ = {
			isa = PBXShellScriptBuildPhase;
			buildActionMask = 2147483647;
			files = (
			);
			inputFileListPaths = (
			);
			inputPaths = (
				"${PODS_PODFILE_DIR_PATH}/Podfile.lock",
				"${PODS_ROOT}/Manifest.lock",
			);
			name = "[CP] Check Pods Manifest.lock";
			outputFileListPaths = (
			);
			outputPaths = (
				"$(DERIVED_FILE_DIR)/Pods-Calendar_Alice-checkManifestLockResult.txt",
			);
			runOnlyForDeploymentPostprocessing = 0;
			shellPath = /bin/sh;
			shellScript = "diff \"${PODS_PODFILE_DIR_PATH}/Podfile.lock\" \"${PODS_ROOT}/Manifest.lock\" > /dev/null\nif [ $? != 0 ] ; then\n    # print error to STDERR\n    echo \"error: The sandbox is not in sync with the Podfile.lock. Run 'pod install' or update your CocoaPods installation.\" >&2\n    exit 1\nfi\n# This output is used by Xcode 'outputs' to avoid re-running this script phase.\necho \"SUCCESS\" > \"${SCRIPT_OUTPUT_FILE_0}\"\n";
			showEnvVarsInLog = 0;
		};
		5EA2FDA83C409C7CB727A37B /* [CP] Check Pods Manifest.lock */ = {
			isa = PBXShellScriptBuildPhase;
			buildActionMask = 2147483647;
			files = (
			);
			inputFileListPaths = (
			);
			inputPaths = (
				"${PODS_PODFILE_DIR_PATH}/Podfile.lock",
				"${PODS_ROOT}/Manifest.lock",
			);
			name = "[CP] Check Pods Manifest.lock";
			outputFileListPaths = (
			);
			outputPaths = (
				"$(DERIVED_FILE_DIR)/Pods-Calendar_Alice-Calendar_AliceUITests-checkManifestLockResult.txt",
			);
			runOnlyForDeploymentPostprocessing = 0;
			shellPath = /bin/sh;
			shellScript = "diff \"${PODS_PODFILE_DIR_PATH}/Podfile.lock\" \"${PODS_ROOT}/Manifest.lock\" > /dev/null\nif [ $? != 0 ] ; then\n    # print error to STDERR\n    echo \"error: The sandbox is not in sync with the Podfile.lock. Run 'pod install' or update your CocoaPods installation.\" >&2\n    exit 1\nfi\n# This output is used by Xcode 'outputs' to avoid re-running this script phase.\necho \"SUCCESS\" > \"${SCRIPT_OUTPUT_FILE_0}\"\n";
			showEnvVarsInLog = 0;
		};
		EBAC240655B79239A0055166 /* [CP] Check Pods Manifest.lock */ = {
			isa = PBXShellScriptBuildPhase;
			buildActionMask = 2147483647;
			files = (
			);
			inputFileListPaths = (
			);
			inputPaths = (
				"${PODS_PODFILE_DIR_PATH}/Podfile.lock",
				"${PODS_ROOT}/Manifest.lock",
			);
			name = "[CP] Check Pods Manifest.lock";
			outputFileListPaths = (
			);
			outputPaths = (
				"$(DERIVED_FILE_DIR)/Pods-Calendar_AliceTests-checkManifestLockResult.txt",
			);
			runOnlyForDeploymentPostprocessing = 0;
			shellPath = /bin/sh;
			shellScript = "diff \"${PODS_PODFILE_DIR_PATH}/Podfile.lock\" \"${PODS_ROOT}/Manifest.lock\" > /dev/null\nif [ $? != 0 ] ; then\n    # print error to STDERR\n    echo \"error: The sandbox is not in sync with the Podfile.lock. Run 'pod install' or update your CocoaPods installation.\" >&2\n    exit 1\nfi\n# This output is used by Xcode 'outputs' to avoid re-running this script phase.\necho \"SUCCESS\" > \"${SCRIPT_OUTPUT_FILE_0}\"\n";
			showEnvVarsInLog = 0;
		};
/* End PBXShellScriptBuildPhase section */

/* Begin PBXSourcesBuildPhase section */
		6583FA0723AA04EF00953F6E /* Sources */ = {
			isa = PBXSourcesBuildPhase;
			buildActionMask = 2147483647;
			files = (
				6583FA1323AA04EF00953F6E /* WeekViewController.swift in Sources */,
				6583FA0F23AA04EF00953F6E /* AppDelegate.swift in Sources */,
				6572EB7423C81690003BD2EF /* WeekCollectionViewCell.swift in Sources */,
				6572EB7B23C84A12003BD2EF /* DateComponents.swift in Sources */,
				6572EB7623C839F8003BD2EF /* YearViewController.swift in Sources */,
				6583FA1123AA04EF00953F6E /* SceneDelegate.swift in Sources */,
				65C7754723DFE6B900014A1F /* HolidayColor.swift in Sources */,
				6572EB7823C83A35003BD2EF /* DayViewController.swift in Sources */,
			);
			runOnlyForDeploymentPostprocessing = 0;
		};
		6583FA1D23AA04F000953F6E /* Sources */ = {
			isa = PBXSourcesBuildPhase;
			buildActionMask = 2147483647;
			files = (
				6583FA2623AA04F000953F6E /* Calendar_AliceTests.swift in Sources */,
			);
			runOnlyForDeploymentPostprocessing = 0;
		};
		6583FA2823AA04F100953F6E /* Sources */ = {
			isa = PBXSourcesBuildPhase;
			buildActionMask = 2147483647;
			files = (
				6583FA3123AA04F100953F6E /* Calendar_AliceUITests.swift in Sources */,
			);
			runOnlyForDeploymentPostprocessing = 0;
		};
/* End PBXSourcesBuildPhase section */

/* Begin PBXTargetDependency section */
		6583FA2323AA04F000953F6E /* PBXTargetDependency */ = {
			isa = PBXTargetDependency;
			target = 6583FA0A23AA04EF00953F6E /* Calendar_Alice */;
			targetProxy = 6583FA2223AA04F000953F6E /* PBXContainerItemProxy */;
		};
		6583FA2E23AA04F100953F6E /* PBXTargetDependency */ = {
			isa = PBXTargetDependency;
			target = 6583FA0A23AA04EF00953F6E /* Calendar_Alice */;
			targetProxy = 6583FA2D23AA04F100953F6E /* PBXContainerItemProxy */;
		};
/* End PBXTargetDependency section */

/* Begin PBXVariantGroup section */
		6583FA1923AA04F000953F6E /* LaunchScreen.storyboard */ = {
			isa = PBXVariantGroup;
			children = (
				6583FA1A23AA04F000953F6E /* Base */,
			);
			name = LaunchScreen.storyboard;
			sourceTree = "<group>";
		};
/* End PBXVariantGroup section */

/* Begin XCBuildConfiguration section */
		6583FA3323AA04F100953F6E /* Debug */ = {
			isa = XCBuildConfiguration;
			buildSettings = {
				ALWAYS_SEARCH_USER_PATHS = NO;
				CLANG_ANALYZER_NONNULL = YES;
				CLANG_ANALYZER_NUMBER_OBJECT_CONVERSION = YES_AGGRESSIVE;
				CLANG_CXX_LANGUAGE_STANDARD = "gnu++14";
				CLANG_CXX_LIBRARY = "libc++";
				CLANG_ENABLE_MODULES = YES;
				CLANG_ENABLE_OBJC_ARC = YES;
				CLANG_ENABLE_OBJC_WEAK = YES;
				CLANG_WARN_BLOCK_CAPTURE_AUTORELEASING = YES;
				CLANG_WARN_BOOL_CONVERSION = YES;
				CLANG_WARN_COMMA = YES;
				CLANG_WARN_CONSTANT_CONVERSION = YES;
				CLANG_WARN_DEPRECATED_OBJC_IMPLEMENTATIONS = YES;
				CLANG_WARN_DIRECT_OBJC_ISA_USAGE = YES_ERROR;
				CLANG_WARN_DOCUMENTATION_COMMENTS = YES;
				CLANG_WARN_EMPTY_BODY = YES;
				CLANG_WARN_ENUM_CONVERSION = YES;
				CLANG_WARN_INFINITE_RECURSION = YES;
				CLANG_WARN_INT_CONVERSION = YES;
				CLANG_WARN_NON_LITERAL_NULL_CONVERSION = YES;
				CLANG_WARN_OBJC_IMPLICIT_RETAIN_SELF = YES;
				CLANG_WARN_OBJC_LITERAL_CONVERSION = YES;
				CLANG_WARN_OBJC_ROOT_CLASS = YES_ERROR;
				CLANG_WARN_RANGE_LOOP_ANALYSIS = YES;
				CLANG_WARN_STRICT_PROTOTYPES = YES;
				CLANG_WARN_SUSPICIOUS_MOVE = YES;
				CLANG_WARN_UNGUARDED_AVAILABILITY = YES_AGGRESSIVE;
				CLANG_WARN_UNREACHABLE_CODE = YES;
				CLANG_WARN__DUPLICATE_METHOD_MATCH = YES;
				COPY_PHASE_STRIP = NO;
				DEBUG_INFORMATION_FORMAT = dwarf;
				ENABLE_STRICT_OBJC_MSGSEND = YES;
				ENABLE_TESTABILITY = YES;
				GCC_C_LANGUAGE_STANDARD = gnu11;
				GCC_DYNAMIC_NO_PIC = NO;
				GCC_NO_COMMON_BLOCKS = YES;
				GCC_OPTIMIZATION_LEVEL = 0;
				GCC_PREPROCESSOR_DEFINITIONS = (
					"DEBUG=1",
					"$(inherited)",
				);
				GCC_WARN_64_TO_32_BIT_CONVERSION = YES;
				GCC_WARN_ABOUT_RETURN_TYPE = YES_ERROR;
				GCC_WARN_UNDECLARED_SELECTOR = YES;
				GCC_WARN_UNINITIALIZED_AUTOS = YES_AGGRESSIVE;
				GCC_WARN_UNUSED_FUNCTION = YES;
				GCC_WARN_UNUSED_VARIABLE = YES;
				IPHONEOS_DEPLOYMENT_TARGET = 13.0;
				MTL_ENABLE_DEBUG_INFO = INCLUDE_SOURCE;
				MTL_FAST_MATH = YES;
				ONLY_ACTIVE_ARCH = YES;
				SDKROOT = iphoneos;
				SWIFT_ACTIVE_COMPILATION_CONDITIONS = DEBUG;
				SWIFT_OPTIMIZATION_LEVEL = "-Onone";
			};
			name = Debug;
		};
		6583FA3423AA04F100953F6E /* Release */ = {
			isa = XCBuildConfiguration;
			buildSettings = {
				ALWAYS_SEARCH_USER_PATHS = NO;
				CLANG_ANALYZER_NONNULL = YES;
				CLANG_ANALYZER_NUMBER_OBJECT_CONVERSION = YES_AGGRESSIVE;
				CLANG_CXX_LANGUAGE_STANDARD = "gnu++14";
				CLANG_CXX_LIBRARY = "libc++";
				CLANG_ENABLE_MODULES = YES;
				CLANG_ENABLE_OBJC_ARC = YES;
				CLANG_ENABLE_OBJC_WEAK = YES;
				CLANG_WARN_BLOCK_CAPTURE_AUTORELEASING = YES;
				CLANG_WARN_BOOL_CONVERSION = YES;
				CLANG_WARN_COMMA = YES;
				CLANG_WARN_CONSTANT_CONVERSION = YES;
				CLANG_WARN_DEPRECATED_OBJC_IMPLEMENTATIONS = YES;
				CLANG_WARN_DIRECT_OBJC_ISA_USAGE = YES_ERROR;
				CLANG_WARN_DOCUMENTATION_COMMENTS = YES;
				CLANG_WARN_EMPTY_BODY = YES;
				CLANG_WARN_ENUM_CONVERSION = YES;
				CLANG_WARN_INFINITE_RECURSION = YES;
				CLANG_WARN_INT_CONVERSION = YES;
				CLANG_WARN_NON_LITERAL_NULL_CONVERSION = YES;
				CLANG_WARN_OBJC_IMPLICIT_RETAIN_SELF = YES;
				CLANG_WARN_OBJC_LITERAL_CONVERSION = YES;
				CLANG_WARN_OBJC_ROOT_CLASS = YES_ERROR;
				CLANG_WARN_RANGE_LOOP_ANALYSIS = YES;
				CLANG_WARN_STRICT_PROTOTYPES = YES;
				CLANG_WARN_SUSPICIOUS_MOVE = YES;
				CLANG_WARN_UNGUARDED_AVAILABILITY = YES_AGGRESSIVE;
				CLANG_WARN_UNREACHABLE_CODE = YES;
				CLANG_WARN__DUPLICATE_METHOD_MATCH = YES;
				COPY_PHASE_STRIP = NO;
				DEBUG_INFORMATION_FORMAT = "dwarf-with-dsym";
				ENABLE_NS_ASSERTIONS = NO;
				ENABLE_STRICT_OBJC_MSGSEND = YES;
				GCC_C_LANGUAGE_STANDARD = gnu11;
				GCC_NO_COMMON_BLOCKS = YES;
				GCC_WARN_64_TO_32_BIT_CONVERSION = YES;
				GCC_WARN_ABOUT_RETURN_TYPE = YES_ERROR;
				GCC_WARN_UNDECLARED_SELECTOR = YES;
				GCC_WARN_UNINITIALIZED_AUTOS = YES_AGGRESSIVE;
				GCC_WARN_UNUSED_FUNCTION = YES;
				GCC_WARN_UNUSED_VARIABLE = YES;
				IPHONEOS_DEPLOYMENT_TARGET = 13.0;
				MTL_ENABLE_DEBUG_INFO = NO;
				MTL_FAST_MATH = YES;
				SDKROOT = iphoneos;
				SWIFT_COMPILATION_MODE = wholemodule;
				SWIFT_OPTIMIZATION_LEVEL = "-O";
				VALIDATE_PRODUCT = YES;
			};
			name = Release;
		};
		6583FA3623AA04F100953F6E /* Debug */ = {
			isa = XCBuildConfiguration;
			baseConfigurationReference = 62C3370C75B6ED34AFF54D37 /* Pods-Calendar_Alice.debug.xcconfig */;
			buildSettings = {
				ASSETCATALOG_COMPILER_APPICON_NAME = AppIcon;
				CODE_SIGN_STYLE = Automatic;
				DEVELOPMENT_TEAM = B4Y472NUDL;
				INFOPLIST_FILE = Calendar_Alice/Info.plist;
				LD_RUNPATH_SEARCH_PATHS = (
					"$(inherited)",
					"@executable_path/Frameworks",
				);
				PRODUCT_BUNDLE_IDENTIFIER = "saitotest.Calendar-Alice";
				PRODUCT_NAME = Calendar_Alice;
				SWIFT_VERSION = 5.0;
				TARGETED_DEVICE_FAMILY = "1,2";
			};
			name = Debug;
		};
		6583FA3723AA04F100953F6E /* Release */ = {
			isa = XCBuildConfiguration;
			baseConfigurationReference = 6209C9E5889DD3FCA7881445 /* Pods-Calendar_Alice.release.xcconfig */;
			buildSettings = {
				ASSETCATALOG_COMPILER_APPICON_NAME = AppIcon;
				CODE_SIGN_STYLE = Automatic;
				DEVELOPMENT_TEAM = B4Y472NUDL;
				INFOPLIST_FILE = Calendar_Alice/Info.plist;
				LD_RUNPATH_SEARCH_PATHS = (
					"$(inherited)",
					"@executable_path/Frameworks",
				);
				PRODUCT_BUNDLE_IDENTIFIER = "saitotest.Calendar-Alice";
				PRODUCT_NAME = Calendar_Alice;
				SWIFT_VERSION = 5.0;
				TARGETED_DEVICE_FAMILY = "1,2";
			};
			name = Release;
		};
		6583FA3923AA04F100953F6E /* Debug */ = {
			isa = XCBuildConfiguration;
			baseConfigurationReference = 8D70DF92E20410147856D10E /* Pods-Calendar_AliceTests.debug.xcconfig */;
			buildSettings = {
				ALWAYS_EMBED_SWIFT_STANDARD_LIBRARIES = YES;
				BUNDLE_LOADER = "$(TEST_HOST)";
				CODE_SIGN_STYLE = Automatic;
				DEVELOPMENT_TEAM = B4Y472NUDL;
				INFOPLIST_FILE = Calendar_AliceTests/Info.plist;
				IPHONEOS_DEPLOYMENT_TARGET = 13.2;
				LD_RUNPATH_SEARCH_PATHS = (
					"$(inherited)",
					"@executable_path/Frameworks",
					"@loader_path/Frameworks",
				);
				PRODUCT_BUNDLE_IDENTIFIER = "saitotest.Calendar-AliceTests";
				PRODUCT_NAME = "$(TARGET_NAME)";
				SWIFT_VERSION = 5.0;
				TARGETED_DEVICE_FAMILY = "1,2";
				TEST_HOST = "$(BUILT_PRODUCTS_DIR)/Calendar_Alice.app/Calendar_Alice";
			};
			name = Debug;
		};
		6583FA3A23AA04F100953F6E /* Release */ = {
			isa = XCBuildConfiguration;
			baseConfigurationReference = E15B59364524970C1FA3134D /* Pods-Calendar_AliceTests.release.xcconfig */;
			buildSettings = {
				ALWAYS_EMBED_SWIFT_STANDARD_LIBRARIES = YES;
				BUNDLE_LOADER = "$(TEST_HOST)";
				CODE_SIGN_STYLE = Automatic;
				DEVELOPMENT_TEAM = B4Y472NUDL;
				INFOPLIST_FILE = Calendar_AliceTests/Info.plist;
				IPHONEOS_DEPLOYMENT_TARGET = 13.2;
				LD_RUNPATH_SEARCH_PATHS = (
					"$(inherited)",
					"@executable_path/Frameworks",
					"@loader_path/Frameworks",
				);
				PRODUCT_BUNDLE_IDENTIFIER = "saitotest.Calendar-AliceTests";
				PRODUCT_NAME = "$(TARGET_NAME)";
				SWIFT_VERSION = 5.0;
				TARGETED_DEVICE_FAMILY = "1,2";
				TEST_HOST = "$(BUILT_PRODUCTS_DIR)/Calendar_Alice.app/Calendar_Alice";
			};
			name = Release;
		};
		6583FA3C23AA04F100953F6E /* Debug */ = {
			isa = XCBuildConfiguration;
			baseConfigurationReference = 7870A85AD6EE970DAB172A94 /* Pods-Calendar_Alice-Calendar_AliceUITests.debug.xcconfig */;
			buildSettings = {
				ALWAYS_EMBED_SWIFT_STANDARD_LIBRARIES = YES;
				CODE_SIGN_STYLE = Automatic;
				DEVELOPMENT_TEAM = B4Y472NUDL;
				INFOPLIST_FILE = Calendar_AliceUITests/Info.plist;
				LD_RUNPATH_SEARCH_PATHS = (
					"$(inherited)",
					"@executable_path/Frameworks",
					"@loader_path/Frameworks",
				);
				PRODUCT_BUNDLE_IDENTIFIER = "saitotest.Calendar-AliceUITests";
				PRODUCT_NAME = "$(TARGET_NAME)";
				SWIFT_VERSION = 5.0;
				TARGETED_DEVICE_FAMILY = "1,2";
				TEST_TARGET_NAME = Calendar_Alice;
			};
			name = Debug;
		};
		6583FA3D23AA04F100953F6E /* Release */ = {
			isa = XCBuildConfiguration;
			baseConfigurationReference = 5E948AF5B4A3333DD2FC2B8E /* Pods-Calendar_Alice-Calendar_AliceUITests.release.xcconfig */;
			buildSettings = {
				ALWAYS_EMBED_SWIFT_STANDARD_LIBRARIES = YES;
				CODE_SIGN_STYLE = Automatic;
				DEVELOPMENT_TEAM = B4Y472NUDL;
				INFOPLIST_FILE = Calendar_AliceUITests/Info.plist;
				LD_RUNPATH_SEARCH_PATHS = (
					"$(inherited)",
					"@executable_path/Frameworks",
					"@loader_path/Frameworks",
				);
				PRODUCT_BUNDLE_IDENTIFIER = "saitotest.Calendar-AliceUITests";
				PRODUCT_NAME = "$(TARGET_NAME)";
				SWIFT_VERSION = 5.0;
				TARGETED_DEVICE_FAMILY = "1,2";
				TEST_TARGET_NAME = Calendar_Alice;
			};
			name = Release;
		};
/* End XCBuildConfiguration section */

/* Begin XCConfigurationList section */
		6583FA0623AA04EF00953F6E /* Build configuration list for PBXProject "Calendar_Alice" */ = {
			isa = XCConfigurationList;
			buildConfigurations = (
				6583FA3323AA04F100953F6E /* Debug */,
				6583FA3423AA04F100953F6E /* Release */,
			);
			defaultConfigurationIsVisible = 0;
			defaultConfigurationName = Release;
		};
		6583FA3523AA04F100953F6E /* Build configuration list for PBXNativeTarget "Calendar_Alice" */ = {
			isa = XCConfigurationList;
			buildConfigurations = (
				6583FA3623AA04F100953F6E /* Debug */,
				6583FA3723AA04F100953F6E /* Release */,
			);
			defaultConfigurationIsVisible = 0;
			defaultConfigurationName = Release;
		};
		6583FA3823AA04F100953F6E /* Build configuration list for PBXNativeTarget "Calendar_AliceTests" */ = {
			isa = XCConfigurationList;
			buildConfigurations = (
				6583FA3923AA04F100953F6E /* Debug */,
				6583FA3A23AA04F100953F6E /* Release */,
			);
			defaultConfigurationIsVisible = 0;
			defaultConfigurationName = Release;
		};
		6583FA3B23AA04F100953F6E /* Build configuration list for PBXNativeTarget "Calendar_AliceUITests" */ = {
			isa = XCConfigurationList;
			buildConfigurations = (
				6583FA3C23AA04F100953F6E /* Debug */,
				6583FA3D23AA04F100953F6E /* Release */,
			);
			defaultConfigurationIsVisible = 0;
			defaultConfigurationName = Release;
		};
/* End XCConfigurationList section */
	};
	rootObject = 6583FA0323AA04EF00953F6E /* Project object */;
}
